// !$*UTF8*$!
{
	archiveVersion = 1;
	classes = {
	};
	objectVersion = 46;
	objects = {

/* Begin PBXBuildFile section */
		27A769AD1A3517B6007392C2 /* TopPlacesFlickr.m in Sources */ = {isa = PBXBuildFile; fileRef = 27A769AC1A3517B6007392C2 /* TopPlacesFlickr.m */; };
		27B2D6061A36BB05006FBD90 /* Place.m in Sources */ = {isa = PBXBuildFile; fileRef = 27B2D6051A36BB05006FBD90 /* Place.m */; };
		27CADC9B1A380436005E4441 /* RecentlyTVC.m in Sources */ = {isa = PBXBuildFile; fileRef = 27CADC9A1A380436005E4441 /* RecentlyTVC.m */; };
		27CADC9F1A3809C2005E4441 /* Photo.m in Sources */ = {isa = PBXBuildFile; fileRef = 27CADC9E1A3809C2005E4441 /* Photo.m */; };
		27DC58BB1A33190B006953A2 /* PlacesTVC.m in Sources */ = {isa = PBXBuildFile; fileRef = 27DC58BA1A33190B006953A2 /* PlacesTVC.m */; };
		5038F1231A23E12100EDE5EC /* Foundation.framework in Frameworks */ = {isa = PBXBuildFile; fileRef = 5038F1221A23E12100EDE5EC /* Foundation.framework */; };
		5038F1251A23E12100EDE5EC /* CoreGraphics.framework in Frameworks */ = {isa = PBXBuildFile; fileRef = 5038F1241A23E12100EDE5EC /* CoreGraphics.framework */; };
		5038F1271A23E12100EDE5EC /* UIKit.framework in Frameworks */ = {isa = PBXBuildFile; fileRef = 5038F1261A23E12100EDE5EC /* UIKit.framework */; };
		5038F12D1A23E12200EDE5EC /* InfoPlist.strings in Resources */ = {isa = PBXBuildFile; fileRef = 5038F12B1A23E12200EDE5EC /* InfoPlist.strings */; };
		5038F12F1A23E12200EDE5EC /* main.m in Sources */ = {isa = PBXBuildFile; fileRef = 5038F12E1A23E12200EDE5EC /* main.m */; };
		5038F1331A23E12200EDE5EC /* AppDelegate.m in Sources */ = {isa = PBXBuildFile; fileRef = 5038F1321A23E12200EDE5EC /* AppDelegate.m */; };
		5038F1361A23E12200EDE5EC /* Main_iPhone.storyboard in Resources */ = {isa = PBXBuildFile; fileRef = 5038F1341A23E12200EDE5EC /* Main_iPhone.storyboard */; };
		5038F1391A23E12200EDE5EC /* Main_iPad.storyboard in Resources */ = {isa = PBXBuildFile; fileRef = 5038F1371A23E12200EDE5EC /* Main_iPad.storyboard */; };
		5038F13E1A23E12200EDE5EC /* Images.xcassets in Resources */ = {isa = PBXBuildFile; fileRef = 5038F13D1A23E12200EDE5EC /* Images.xcassets */; };
		5038F1451A23E12200EDE5EC /* XCTest.framework in Frameworks */ = {isa = PBXBuildFile; fileRef = 5038F1441A23E12200EDE5EC /* XCTest.framework */; };
		5038F1461A23E12200EDE5EC /* Foundation.framework in Frameworks */ = {isa = PBXBuildFile; fileRef = 5038F1221A23E12100EDE5EC /* Foundation.framework */; };
		5038F1471A23E12200EDE5EC /* UIKit.framework in Frameworks */ = {isa = PBXBuildFile; fileRef = 5038F1261A23E12100EDE5EC /* UIKit.framework */; };
		5038F14F1A23E12300EDE5EC /* InfoPlist.strings in Resources */ = {isa = PBXBuildFile; fileRef = 5038F14D1A23E12300EDE5EC /* InfoPlist.strings */; };
		5038F1511A23E12300EDE5EC /* ShutterbugTests.m in Sources */ = {isa = PBXBuildFile; fileRef = 5038F1501A23E12300EDE5EC /* ShutterbugTests.m */; };
		5038F15C1A23E24A00EDE5EC /* FlickrPhotosTVC.m in Sources */ = {isa = PBXBuildFile; fileRef = 5038F15B1A23E24A00EDE5EC /* FlickrPhotosTVC.m */; };
		5038F15F1A23E4A600EDE5EC /* JustPostedFlickrPhotosTVC.m in Sources */ = {isa = PBXBuildFile; fileRef = 5038F15E1A23E4A600EDE5EC /* JustPostedFlickrPhotosTVC.m */; };
		5038F1641A23E56700EDE5EC /* FlickrFetcher.m in Sources */ = {isa = PBXBuildFile; fileRef = 5038F1631A23E56700EDE5EC /* FlickrFetcher.m */; };
		507080711A267DAE00AE1838 /* ImageViewController.m in Sources */ = {isa = PBXBuildFile; fileRef = 507080701A267DAE00AE1838 /* ImageViewController.m */; };
/* End PBXBuildFile section */

/* Begin PBXContainerItemProxy section */
		5038F1481A23E12200EDE5EC /* PBXContainerItemProxy */ = {
			isa = PBXContainerItemProxy;
			containerPortal = 5038F1171A23E12000EDE5EC /* Project object */;
			proxyType = 1;
			remoteGlobalIDString = 5038F11E1A23E12100EDE5EC;
			remoteInfo = Shutterbug;
		};
/* End PBXContainerItemProxy section */

/* Begin PBXFileReference section */
		27A769AB1A3517B6007392C2 /* TopPlacesFlickr.h */ = {isa = PBXFileReference; fileEncoding = 4; lastKnownFileType = sourcecode.c.h; path = TopPlacesFlickr.h; sourceTree = "<group>"; };
		27A769AC1A3517B6007392C2 /* TopPlacesFlickr.m */ = {isa = PBXFileReference; fileEncoding = 4; lastKnownFileType = sourcecode.c.objc; path = TopPlacesFlickr.m; sourceTree = "<group>"; };
		27B2D6041A36BB05006FBD90 /* Place.h */ = {isa = PBXFileReference; fileEncoding = 4; lastKnownFileType = sourcecode.c.h; path = Place.h; sourceTree = "<group>"; };
		27B2D6051A36BB05006FBD90 /* Place.m */ = {isa = PBXFileReference; fileEncoding = 4; lastKnownFileType = sourcecode.c.objc; path = Place.m; sourceTree = "<group>"; };
		27CADC991A380436005E4441 /* RecentlyTVC.h */ = {isa = PBXFileReference; fileEncoding = 4; lastKnownFileType = sourcecode.c.h; path = RecentlyTVC.h; sourceTree = "<group>"; };
		27CADC9A1A380436005E4441 /* RecentlyTVC.m */ = {isa = PBXFileReference; fileEncoding = 4; lastKnownFileType = sourcecode.c.objc; path = RecentlyTVC.m; sourceTree = "<group>"; };
		27CADC9D1A3809C2005E4441 /* Photo.h */ = {isa = PBXFileReference; fileEncoding = 4; lastKnownFileType = sourcecode.c.h; path = Photo.h; sourceTree = "<group>"; };
		27CADC9E1A3809C2005E4441 /* Photo.m */ = {isa = PBXFileReference; fileEncoding = 4; lastKnownFileType = sourcecode.c.objc; path = Photo.m; sourceTree = "<group>"; };
		27DC58B91A33190B006953A2 /* PlacesTVC.h */ = {isa = PBXFileReference; fileEncoding = 4; lastKnownFileType = sourcecode.c.h; path = PlacesTVC.h; sourceTree = "<group>"; };
		27DC58BA1A33190B006953A2 /* PlacesTVC.m */ = {isa = PBXFileReference; fileEncoding = 4; lastKnownFileType = sourcecode.c.objc; path = PlacesTVC.m; sourceTree = "<group>"; };
		5038F11F1A23E12100EDE5EC /* Shutterbug.app */ = {isa = PBXFileReference; explicitFileType = wrapper.application; includeInIndex = 0; path = Shutterbug.app; sourceTree = BUILT_PRODUCTS_DIR; };
		5038F1221A23E12100EDE5EC /* Foundation.framework */ = {isa = PBXFileReference; lastKnownFileType = wrapper.framework; name = Foundation.framework; path = System/Library/Frameworks/Foundation.framework; sourceTree = SDKROOT; };
		5038F1241A23E12100EDE5EC /* CoreGraphics.framework */ = {isa = PBXFileReference; lastKnownFileType = wrapper.framework; name = CoreGraphics.framework; path = System/Library/Frameworks/CoreGraphics.framework; sourceTree = SDKROOT; };
		5038F1261A23E12100EDE5EC /* UIKit.framework */ = {isa = PBXFileReference; lastKnownFileType = wrapper.framework; name = UIKit.framework; path = System/Library/Frameworks/UIKit.framework; sourceTree = SDKROOT; };
		5038F12A1A23E12200EDE5EC /* Shutterbug-Info.plist */ = {isa = PBXFileReference; lastKnownFileType = text.plist.xml; path = "Shutterbug-Info.plist"; sourceTree = "<group>"; };
		5038F12C1A23E12200EDE5EC /* en */ = {isa = PBXFileReference; lastKnownFileType = text.plist.strings; name = en; path = en.lproj/InfoPlist.strings; sourceTree = "<group>"; };
		5038F12E1A23E12200EDE5EC /* main.m */ = {isa = PBXFileReference; lastKnownFileType = sourcecode.c.objc; path = main.m; sourceTree = "<group>"; };
		5038F1301A23E12200EDE5EC /* Shutterbug-Prefix.pch */ = {isa = PBXFileReference; lastKnownFileType = sourcecode.c.h; path = "Shutterbug-Prefix.pch"; sourceTree = "<group>"; };
		5038F1311A23E12200EDE5EC /* AppDelegate.h */ = {isa = PBXFileReference; lastKnownFileType = sourcecode.c.h; path = AppDelegate.h; sourceTree = "<group>"; };
		5038F1321A23E12200EDE5EC /* AppDelegate.m */ = {isa = PBXFileReference; lastKnownFileType = sourcecode.c.objc; path = AppDelegate.m; sourceTree = "<group>"; };
		5038F1351A23E12200EDE5EC /* Base */ = {isa = PBXFileReference; lastKnownFileType = file.storyboard; name = Base; path = Base.lproj/Main_iPhone.storyboard; sourceTree = "<group>"; };
		5038F1381A23E12200EDE5EC /* Base */ = {isa = PBXFileReference; lastKnownFileType = file.storyboard; name = Base; path = Base.lproj/Main_iPad.storyboard; sourceTree = "<group>"; };
		5038F13D1A23E12200EDE5EC /* Images.xcassets */ = {isa = PBXFileReference; lastKnownFileType = folder.assetcatalog; path = Images.xcassets; sourceTree = "<group>"; };
		5038F1431A23E12200EDE5EC /* ShutterbugTests.xctest */ = {isa = PBXFileReference; explicitFileType = wrapper.cfbundle; includeInIndex = 0; path = ShutterbugTests.xctest; sourceTree = BUILT_PRODUCTS_DIR; };
		5038F1441A23E12200EDE5EC /* XCTest.framework */ = {isa = PBXFileReference; lastKnownFileType = wrapper.framework; name = XCTest.framework; path = Library/Frameworks/XCTest.framework; sourceTree = DEVELOPER_DIR; };
		5038F14C1A23E12300EDE5EC /* ShutterbugTests-Info.plist */ = {isa = PBXFileReference; lastKnownFileType = text.plist.xml; path = "ShutterbugTests-Info.plist"; sourceTree = "<group>"; };
		5038F14E1A23E12300EDE5EC /* en */ = {isa = PBXFileReference; lastKnownFileType = text.plist.strings; name = en; path = en.lproj/InfoPlist.strings; sourceTree = "<group>"; };
		5038F1501A23E12300EDE5EC /* ShutterbugTests.m */ = {isa = PBXFileReference; lastKnownFileType = sourcecode.c.objc; path = ShutterbugTests.m; sourceTree = "<group>"; };
		5038F15A1A23E24A00EDE5EC /* FlickrPhotosTVC.h */ = {isa = PBXFileReference; fileEncoding = 4; lastKnownFileType = sourcecode.c.h; path = FlickrPhotosTVC.h; sourceTree = "<group>"; };
		5038F15B1A23E24A00EDE5EC /* FlickrPhotosTVC.m */ = {isa = PBXFileReference; fileEncoding = 4; lastKnownFileType = sourcecode.c.objc; path = FlickrPhotosTVC.m; sourceTree = "<group>"; };
		5038F15D1A23E4A600EDE5EC /* JustPostedFlickrPhotosTVC.h */ = {isa = PBXFileReference; fileEncoding = 4; lastKnownFileType = sourcecode.c.h; path = JustPostedFlickrPhotosTVC.h; sourceTree = "<group>"; };
		5038F15E1A23E4A600EDE5EC /* JustPostedFlickrPhotosTVC.m */ = {isa = PBXFileReference; fileEncoding = 4; lastKnownFileType = sourcecode.c.objc; path = JustPostedFlickrPhotosTVC.m; sourceTree = "<group>"; };
		5038F1611A23E56700EDE5EC /* FlickrAPIKey.h */ = {isa = PBXFileReference; fileEncoding = 4; lastKnownFileType = sourcecode.c.h; path = FlickrAPIKey.h; sourceTree = "<group>"; };
		5038F1621A23E56700EDE5EC /* FlickrFetcher.h */ = {isa = PBXFileReference; fileEncoding = 4; lastKnownFileType = sourcecode.c.h; path = FlickrFetcher.h; sourceTree = "<group>"; };
		5038F1631A23E56700EDE5EC /* FlickrFetcher.m */ = {isa = PBXFileReference; fileEncoding = 4; lastKnownFileType = sourcecode.c.objc; path = FlickrFetcher.m; sourceTree = "<group>"; };
		5070806F1A267DAE00AE1838 /* ImageViewController.h */ = {isa = PBXFileReference; fileEncoding = 4; lastKnownFileType = sourcecode.c.h; path = ImageViewController.h; sourceTree = "<group>"; };
		507080701A267DAE00AE1838 /* ImageViewController.m */ = {isa = PBXFileReference; fileEncoding = 4; lastKnownFileType = sourcecode.c.objc; path = ImageViewController.m; sourceTree = "<group>"; };
/* End PBXFileReference section */

/* Begin PBXFrameworksBuildPhase section */
		5038F11C1A23E12100EDE5EC /* Frameworks */ = {
			isa = PBXFrameworksBuildPhase;
			buildActionMask = 2147483647;
			files = (
				5038F1251A23E12100EDE5EC /* CoreGraphics.framework in Frameworks */,
				5038F1271A23E12100EDE5EC /* UIKit.framework in Frameworks */,
				5038F1231A23E12100EDE5EC /* Foundation.framework in Frameworks */,
			);
			runOnlyForDeploymentPostprocessing = 0;
		};
		5038F1401A23E12200EDE5EC /* Frameworks */ = {
			isa = PBXFrameworksBuildPhase;
			buildActionMask = 2147483647;
			files = (
				5038F1451A23E12200EDE5EC /* XCTest.framework in Frameworks */,
				5038F1471A23E12200EDE5EC /* UIKit.framework in Frameworks */,
				5038F1461A23E12200EDE5EC /* Foundation.framework in Frameworks */,
			);
			runOnlyForDeploymentPostprocessing = 0;
		};
/* End PBXFrameworksBuildPhase section */

/* Begin PBXGroup section */
		27B2D6031A36BADE006FBD90 /* Model */ = {
			isa = PBXGroup;
			children = (
				27B2D6041A36BB05006FBD90 /* Place.h */,
				27B2D6051A36BB05006FBD90 /* Place.m */,
				27CADC9D1A3809C2005E4441 /* Photo.h */,
				27CADC9E1A3809C2005E4441 /* Photo.m */,
			);
			name = Model;
			sourceTree = "<group>";
		};
		27CADC9C1A38065C005E4441 /* View */ = {
			isa = PBXGroup;
			children = (
				5070806F1A267DAE00AE1838 /* ImageViewController.h */,
				507080701A267DAE00AE1838 /* ImageViewController.m */,
				27A769AB1A3517B6007392C2 /* TopPlacesFlickr.h */,
				27A769AC1A3517B6007392C2 /* TopPlacesFlickr.m */,
				5038F15D1A23E4A600EDE5EC /* JustPostedFlickrPhotosTVC.h */,
				5038F15E1A23E4A600EDE5EC /* JustPostedFlickrPhotosTVC.m */,
			);
			name = View;
			sourceTree = "<group>";
		};
		5038F1161A23E12000EDE5EC = {
			isa = PBXGroup;
			children = (
				5038F1281A23E12100EDE5EC /* Shutterbug */,
				5038F14A1A23E12200EDE5EC /* ShutterbugTests */,
				5038F1211A23E12100EDE5EC /* Frameworks */,
				5038F1201A23E12100EDE5EC /* Products */,
			);
			sourceTree = "<group>";
		};
		5038F1201A23E12100EDE5EC /* Products */ = {
			isa = PBXGroup;
			children = (
				5038F11F1A23E12100EDE5EC /* Shutterbug.app */,
				5038F1431A23E12200EDE5EC /* ShutterbugTests.xctest */,
			);
			name = Products;
			sourceTree = "<group>";
		};
		5038F1211A23E12100EDE5EC /* Frameworks */ = {
			isa = PBXGroup;
			children = (
				5038F1221A23E12100EDE5EC /* Foundation.framework */,
				5038F1241A23E12100EDE5EC /* CoreGraphics.framework */,
				5038F1261A23E12100EDE5EC /* UIKit.framework */,
				5038F1441A23E12200EDE5EC /* XCTest.framework */,
			);
			name = Frameworks;
			sourceTree = "<group>";
		};
		5038F1281A23E12100EDE5EC /* Shutterbug */ = {
			isa = PBXGroup;
			children = (
				5038F1341A23E12200EDE5EC /* Main_iPhone.storyboard */,
				5038F1371A23E12200EDE5EC /* Main_iPad.storyboard */,
				5038F15A1A23E24A00EDE5EC /* FlickrPhotosTVC.h */,
				5038F15B1A23E24A00EDE5EC /* FlickrPhotosTVC.m */,
				27DC58B91A33190B006953A2 /* PlacesTVC.h */,
				27DC58BA1A33190B006953A2 /* PlacesTVC.m */,
				27CADC991A380436005E4441 /* RecentlyTVC.h */,
				27CADC9A1A380436005E4441 /* RecentlyTVC.m */,
				5038F13D1A23E12200EDE5EC /* Images.xcassets */,
				27CADC9C1A38065C005E4441 /* View */,
				27B2D6031A36BADE006FBD90 /* Model */,
				5038F1601A23E56700EDE5EC /* Flickr Fetcher */,
				5038F1291A23E12100EDE5EC /* Supporting Files */,
			);
			path = Shutterbug;
			sourceTree = "<group>";
		};
		5038F1291A23E12100EDE5EC /* Supporting Files */ = {
			isa = PBXGroup;
			children = (
				5038F1311A23E12200EDE5EC /* AppDelegate.h */,
				5038F1321A23E12200EDE5EC /* AppDelegate.m */,
				5038F12A1A23E12200EDE5EC /* Shutterbug-Info.plist */,
				5038F12B1A23E12200EDE5EC /* InfoPlist.strings */,
				5038F12E1A23E12200EDE5EC /* main.m */,
				5038F1301A23E12200EDE5EC /* Shutterbug-Prefix.pch */,
			);
			name = "Supporting Files";
			sourceTree = "<group>";
		};
		5038F14A1A23E12200EDE5EC /* ShutterbugTests */ = {
			isa = PBXGroup;
			children = (
				5038F1501A23E12300EDE5EC /* ShutterbugTests.m */,
				5038F14B1A23E12300EDE5EC /* Supporting Files */,
			);
			path = ShutterbugTests;
			sourceTree = "<group>";
		};
		5038F14B1A23E12300EDE5EC /* Supporting Files */ = {
			isa = PBXGroup;
			children = (
				5038F14C1A23E12300EDE5EC /* ShutterbugTests-Info.plist */,
				5038F14D1A23E12300EDE5EC /* InfoPlist.strings */,
			);
			name = "Supporting Files";
			sourceTree = "<group>";
		};
		5038F1601A23E56700EDE5EC /* Flickr Fetcher */ = {
			isa = PBXGroup;
			children = (
				5038F1611A23E56700EDE5EC /* FlickrAPIKey.h */,
				5038F1621A23E56700EDE5EC /* FlickrFetcher.h */,
				5038F1631A23E56700EDE5EC /* FlickrFetcher.m */,
			);
			path = "Flickr Fetcher";
			sourceTree = "<group>";
		};
/* End PBXGroup section */

/* Begin PBXNativeTarget section */
		5038F11E1A23E12100EDE5EC /* Shutterbug */ = {
			isa = PBXNativeTarget;
			buildConfigurationList = 5038F1541A23E12300EDE5EC /* Build configuration list for PBXNativeTarget "Shutterbug" */;
			buildPhases = (
				5038F11B1A23E12100EDE5EC /* Sources */,
				5038F11C1A23E12100EDE5EC /* Frameworks */,
				5038F11D1A23E12100EDE5EC /* Resources */,
			);
			buildRules = (
			);
			dependencies = (
			);
			name = Shutterbug;
			productName = Shutterbug;
			productReference = 5038F11F1A23E12100EDE5EC /* Shutterbug.app */;
			productType = "com.apple.product-type.application";
		};
		5038F1421A23E12200EDE5EC /* ShutterbugTests */ = {
			isa = PBXNativeTarget;
			buildConfigurationList = 5038F1571A23E12300EDE5EC /* Build configuration list for PBXNativeTarget "ShutterbugTests" */;
			buildPhases = (
				5038F13F1A23E12200EDE5EC /* Sources */,
				5038F1401A23E12200EDE5EC /* Frameworks */,
				5038F1411A23E12200EDE5EC /* Resources */,
			);
			buildRules = (
			);
			dependencies = (
				5038F1491A23E12200EDE5EC /* PBXTargetDependency */,
			);
			name = ShutterbugTests;
			productName = ShutterbugTests;
			productReference = 5038F1431A23E12200EDE5EC /* ShutterbugTests.xctest */;
			productType = "com.apple.product-type.bundle.unit-test";
		};
/* End PBXNativeTarget section */

/* Begin PBXProject section */
		5038F1171A23E12000EDE5EC /* Project object */ = {
			isa = PBXProject;
			attributes = {
				LastUpgradeCheck = 0510;
				ORGANIZATIONNAME = "Lehman College";
				TargetAttributes = {
					5038F1421A23E12200EDE5EC = {
						TestTargetID = 5038F11E1A23E12100EDE5EC;
					};
				};
			};
			buildConfigurationList = 5038F11A1A23E12000EDE5EC /* Build configuration list for PBXProject "Shutterbug" */;
			compatibilityVersion = "Xcode 3.2";
			developmentRegion = English;
			hasScannedForEncodings = 0;
			knownRegions = (
				en,
				Base,
			);
			mainGroup = 5038F1161A23E12000EDE5EC;
			productRefGroup = 5038F1201A23E12100EDE5EC /* Products */;
			projectDirPath = "";
			projectRoot = "";
			targets = (
				5038F11E1A23E12100EDE5EC /* Shutterbug */,
				5038F1421A23E12200EDE5EC /* ShutterbugTests */,
			);
		};
/* End PBXProject section */

/* Begin PBXResourcesBuildPhase section */
		5038F11D1A23E12100EDE5EC /* Resources */ = {
			isa = PBXResourcesBuildPhase;
			buildActionMask = 2147483647;
			files = (
				5038F1391A23E12200EDE5EC /* Main_iPad.storyboard in Resources */,
				5038F13E1A23E12200EDE5EC /* Images.xcassets in Resources */,
				5038F1361A23E12200EDE5EC /* Main_iPhone.storyboard in Resources */,
				5038F12D1A23E12200EDE5EC /* InfoPlist.strings in Resources */,
			);
			runOnlyForDeploymentPostprocessing = 0;
		};
		5038F1411A23E12200EDE5EC /* Resources */ = {
			isa = PBXResourcesBuildPhase;
			buildActionMask = 2147483647;
			files = (
				5038F14F1A23E12300EDE5EC /* InfoPlist.strings in Resources */,
			);
			runOnlyForDeploymentPostprocessing = 0;
		};
/* End PBXResourcesBuildPhase section */

/* Begin PBXSourcesBuildPhase section */
		5038F11B1A23E12100EDE5EC /* Sources */ = {
			isa = PBXSourcesBuildPhase;
			buildActionMask = 2147483647;
			files = (
				5038F15F1A23E4A600EDE5EC /* JustPostedFlickrPhotosTVC.m in Sources */,
				27CADC9B1A380436005E4441 /* RecentlyTVC.m in Sources */,
				5038F15C1A23E24A00EDE5EC /* FlickrPhotosTVC.m in Sources */,
				5038F1331A23E12200EDE5EC /* AppDelegate.m in Sources */,
				5038F1641A23E56700EDE5EC /* FlickrFetcher.m in Sources */,
				27A769AD1A3517B6007392C2 /* TopPlacesFlickr.m in Sources */,
				27DC58BB1A33190B006953A2 /* PlacesTVC.m in Sources */,
				27B2D6061A36BB05006FBD90 /* Place.m in Sources */,
				507080711A267DAE00AE1838 /* ImageViewController.m in Sources */,
				27CADC9F1A3809C2005E4441 /* Photo.m in Sources */,
				5038F12F1A23E12200EDE5EC /* main.m in Sources */,
			);
			runOnlyForDeploymentPostprocessing = 0;
		};
		5038F13F1A23E12200EDE5EC /* Sources */ = {
			isa = PBXSourcesBuildPhase;
			buildActionMask = 2147483647;
			files = (
				5038F1511A23E12300EDE5EC /* ShutterbugTests.m in Sources */,
			);
			runOnlyForDeploymentPostprocessing = 0;
		};
/* End PBXSourcesBuildPhase section */

/* Begin PBXTargetDependency section */
		5038F1491A23E12200EDE5EC /* PBXTargetDependency */ = {
			isa = PBXTargetDependency;
			target = 5038F11E1A23E12100EDE5EC /* Shutterbug */;
			targetProxy = 5038F1481A23E12200EDE5EC /* PBXContainerItemProxy */;
		};
/* End PBXTargetDependency section */

/* Begin PBXVariantGroup section */
		5038F12B1A23E12200EDE5EC /* InfoPlist.strings */ = {
			isa = PBXVariantGroup;
			children = (
				5038F12C1A23E12200EDE5EC /* en */,
			);
			name = InfoPlist.strings;
			sourceTree = "<group>";
		};
		5038F1341A23E12200EDE5EC /* Main_iPhone.storyboard */ = {
			isa = PBXVariantGroup;
			children = (
				5038F1351A23E12200EDE5EC /* Base */,
			);
			name = Main_iPhone.storyboard;
			sourceTree = "<group>";
		};
		5038F1371A23E12200EDE5EC /* Main_iPad.storyboard */ = {
			isa = PBXVariantGroup;
			children = (
				5038F1381A23E12200EDE5EC /* Base */,
			);
			name = Main_iPad.storyboard;
			sourceTree = "<group>";
		};
		5038F14D1A23E12300EDE5EC /* InfoPlist.strings */ = {
			isa = PBXVariantGroup;
			children = (
				5038F14E1A23E12300EDE5EC /* en */,
			);
			name = InfoPlist.strings;
			sourceTree = "<group>";
		};
/* End PBXVariantGroup section */

/* Begin XCBuildConfiguration section */
		5038F1521A23E12300EDE5EC /* Debug */ = {
			isa = XCBuildConfiguration;
			buildSettings = {
				ALWAYS_SEARCH_USER_PATHS = NO;
				CLANG_CXX_LANGUAGE_STANDARD = "gnu++0x";
				CLANG_CXX_LIBRARY = "libc++";
				CLANG_ENABLE_MODULES = YES;
				CLANG_ENABLE_OBJC_ARC = YES;
				CLANG_WARN_BOOL_CONVERSION = YES;
				CLANG_WARN_CONSTANT_CONVERSION = YES;
				CLANG_WARN_DIRECT_OBJC_ISA_USAGE = YES_ERROR;
				CLANG_WARN_EMPTY_BODY = YES;
				CLANG_WARN_ENUM_CONVERSION = YES;
				CLANG_WARN_INT_CONVERSION = YES;
				CLANG_WARN_OBJC_ROOT_CLASS = YES_ERROR;
				CLANG_WARN__DUPLICATE_METHOD_MATCH = YES;
				"CODE_SIGN_IDENTITY[sdk=iphoneos*]" = "iPhone Developer";
				COPY_PHASE_STRIP = NO;
				GCC_C_LANGUAGE_STANDARD = gnu99;
				GCC_DYNAMIC_NO_PIC = NO;
				GCC_OPTIMIZATION_LEVEL = 0;
				GCC_PREPROCESSOR_DEFINITIONS = (
					"DEBUG=1",
					"$(inherited)",
				);
				GCC_SYMBOLS_PRIVATE_EXTERN = NO;
				GCC_WARN_64_TO_32_BIT_CONVERSION = YES;
				GCC_WARN_ABOUT_RETURN_TYPE = YES_ERROR;
				GCC_WARN_UNDECLARED_SELECTOR = YES;
				GCC_WARN_UNINITIALIZED_AUTOS = YES_AGGRESSIVE;
				GCC_WARN_UNUSED_FUNCTION = YES;
				GCC_WARN_UNUSED_VARIABLE = YES;
				IPHONEOS_DEPLOYMENT_TARGET = 7.1;
				ONLY_ACTIVE_ARCH = YES;
				SDKROOT = iphoneos;
				TARGETED_DEVICE_FAMILY = "1,2";
			};
			name = Debug;
		};
		5038F1531A23E12300EDE5EC /* Release */ = {
			isa = XCBuildConfiguration;
			buildSettings = {
				ALWAYS_SEARCH_USER_PATHS = NO;
				CLANG_CXX_LANGUAGE_STANDARD = "gnu++0x";
				CLANG_CXX_LIBRARY = "libc++";
				CLANG_ENABLE_MODULES = YES;
				CLANG_ENABLE_OBJC_ARC = YES;
				CLANG_WARN_BOOL_CONVERSION = YES;
				CLANG_WARN_CONSTANT_CONVERSION = YES;
				CLANG_WARN_DIRECT_OBJC_ISA_USAGE = YES_ERROR;
				CLANG_WARN_EMPTY_BODY = YES;
				CLANG_WARN_ENUM_CONVERSION = YES;
				CLANG_WARN_INT_CONVERSION = YES;
				CLANG_WARN_OBJC_ROOT_CLASS = YES_ERROR;
				CLANG_WARN__DUPLICATE_METHOD_MATCH = YES;
				"CODE_SIGN_IDENTITY[sdk=iphoneos*]" = "iPhone Developer";
				COPY_PHASE_STRIP = YES;
				ENABLE_NS_ASSERTIONS = NO;
				GCC_C_LANGUAGE_STANDARD = gnu99;
				GCC_WARN_64_TO_32_BIT_CONVERSION = YES;
				GCC_WARN_ABOUT_RETURN_TYPE = YES_ERROR;
				GCC_WARN_UNDECLARED_SELECTOR = YES;
				GCC_WARN_UNINITIALIZED_AUTOS = YES_AGGRESSIVE;
				GCC_WARN_UNUSED_FUNCTION = YES;
				GCC_WARN_UNUSED_VARIABLE = YES;
				IPHONEOS_DEPLOYMENT_TARGET = 7.1;
				SDKROOT = iphoneos;
				TARGETED_DEVICE_FAMILY = "1,2";
				VALIDATE_PRODUCT = YES;
			};
			name = Release;
		};
		5038F1551A23E12300EDE5EC /* Debug */ = {
			isa = XCBuildConfiguration;
			buildSettings = {
				ASSETCATALOG_COMPILER_APPICON_NAME = AppIcon;
				ASSETCATALOG_COMPILER_LAUNCHIMAGE_NAME = LaunchImage;
				GCC_PRECOMPILE_PREFIX_HEADER = YES;
				GCC_PREFIX_HEADER = "Shutterbug/Shutterbug-Prefix.pch";
				INFOPLIST_FILE = "Shutterbug/Shutterbug-Info.plist";
				PRODUCT_NAME = "$(TARGET_NAME)";
				WRAPPER_EXTENSION = app;
			};
			name = Debug;
		};
		5038F1561A23E12300EDE5EC /* Release */ = {
			isa = XCBuildConfiguration;
			buildSettings = {
				ASSETCATALOG_COMPILER_APPICON_NAME = AppIcon;
				ASSETCATALOG_COMPILER_LAUNCHIMAGE_NAME = LaunchImage;
				GCC_PRECOMPILE_PREFIX_HEADER = YES;
				GCC_PREFIX_HEADER = "Shutterbug/Shutterbug-Prefix.pch";
				INFOPLIST_FILE = "Shutterbug/Shutterbug-Info.plist";
				PRODUCT_NAME = "$(TARGET_NAME)";
				WRAPPER_EXTENSION = app;
			};
			name = Release;
		};
		5038F1581A23E12300EDE5EC /* Debug */ = {
			isa = XCBuildConfiguration;
			buildSettings = {
				BUNDLE_LOADER = "$(BUILT_PRODUCTS_DIR)/Shutterbug.app/Shutterbug";
				FRAMEWORK_SEARCH_PATHS = (
					"$(SDKROOT)/Developer/Library/Frameworks",
					"$(inherited)",
					"$(DEVELOPER_FRAMEWORKS_DIR)",
				);
				GCC_PRECOMPILE_PREFIX_HEADER = YES;
				GCC_PREFIX_HEADER = "Shutterbug/Shutterbug-Prefix.pch";
				GCC_PREPROCESSOR_DEFINITIONS = (
					"DEBUG=1",
					"$(inherited)",
				);
				INFOPLIST_FILE = "ShutterbugTests/ShutterbugTests-Info.plist";
				PRODUCT_NAME = "$(TARGET_NAME)";
				TEST_HOST = "$(BUNDLE_LOADER)";
				WRAPPER_EXTENSION = xctest;
			};
			name = Debug;
		};
		5038F1591A23E12300EDE5EC /* Release */ = {
			isa = XCBuildConfiguration;
			buildSettings = {
				BUNDLE_LOADER = "$(BUILT_PRODUCTS_DIR)/Shutterbug.app/Shutterbug";
				FRAMEWORK_SEARCH_PATHS = (
					"$(SDKROOT)/Developer/Library/Frameworks",
					"$(inherited)",
					"$(DEVELOPER_FRAMEWORKS_DIR)",
				);
				GCC_PRECOMPILE_PREFIX_HEADER = YES;
				GCC_PREFIX_HEADER = "Shutterbug/Shutterbug-Prefix.pch";
				INFOPLIST_FILE = "ShutterbugTests/ShutterbugTests-Info.plist";
				PRODUCT_NAME = "$(TARGET_NAME)";
				TEST_HOST = "$(BUNDLE_LOADER)";
				WRAPPER_EXTENSION = xctest;
			};
			name = Release;
		};
/* End XCBuildConfiguration section */

/* Begin XCConfigurationList section */
		5038F11A1A23E12000EDE5EC /* Build configuration list for PBXProject "Shutterbug" */ = {
			isa = XCConfigurationList;
			buildConfigurations = (
				5038F1521A23E12300EDE5EC /* Debug */,
				5038F1531A23E12300EDE5EC /* Release */,
			);
			defaultConfigurationIsVisible = 0;
			defaultConfigurationName = Release;
		};
		5038F1541A23E12300EDE5EC /* Build configuration list for PBXNativeTarget "Shutterbug" */ = {
			isa = XCConfigurationList;
			buildConfigurations = (
				5038F1551A23E12300EDE5EC /* Debug */,
				5038F1561A23E12300EDE5EC /* Release */,
			);
			defaultConfigurationIsVisible = 0;
			defaultConfigurationName = Release;
		};
		5038F1571A23E12300EDE5EC /* Build configuration list for PBXNativeTarget "ShutterbugTests" */ = {
			isa = XCConfigurationList;
			buildConfigurations = (
				5038F1581A23E12300EDE5EC /* Debug */,
				5038F1591A23E12300EDE5EC /* Release */,
			);
			defaultConfigurationIsVisible = 0;
			defaultConfigurationName = Release;
		};
/* End XCConfigurationList section */
	};
	rootObject = 5038F1171A23E12000EDE5EC /* Project object */;
}
